
Microsoft Visual Studio Solution File, Format Version 12.00
# Visual Studio Version 17
VisualStudioVersion = 17.3.32825.248
MinimumVisualStudioVersion = 10.0.40219.1
Project("{9A19103F-16F7-4668-BE54-9A1E7A4F7556}") = "ImageMVC", "ImageMVC.csproj", "{8BCC36EC-57CE-4081-818F-72745FD16B85}"
EndProject
Global
	GlobalSection(SolutionConfigurationPlatforms) = preSolution
		Debug|Any CPU = Debug|Any CPU
		Release|Any CPU = Release|Any CPU
	EndGlobalSection
	GlobalSection(ProjectConfigurationPlatforms) = postSolution
		{8BCC36EC-57CE-4081-818F-72745FD16B85}.Debug|Any CPU.ActiveCfg = Debug|Any CPU
		{8BCC36EC-57CE-4081-818F-72745FD16B85}.Debug|Any CPU.Build.0 = Debug|Any CPU
		{8BCC36EC-57CE-4081-818F-72745FD16B85}.Release|Any CPU.ActiveCfg = Release|Any CPU
		{8BCC36EC-57CE-4081-818F-72745FD16B85}.Release|Any CPU.Build.0 = Release|Any CPU
	EndGlobalSection
	GlobalSection(SolutionProperties) = preSolution
		HideSolutionNode = FALSE
	EndGlobalSection
	GlobalSection(ExtensibilityGlobals) = postSolution
		SolutionGuid = {8DE6376D-13B6-4459-A846-F3443193C04F}
	EndGlobalSection
EndGlobal
