
Microsoft Visual Studio Solution File, Format Version 12.00
# Visual Studio Version 17
VisualStudioVersion = 17.3.32825.248
MinimumVisualStudioVersion = 10.0.40219.1
Project("{9A19103F-16F7-4668-BE54-9A1E7A4F7556}") = "ImageApi_Task1", "ImageApi_Task1\ImageApi_Task1.csproj", "{D0C25BA4-9074-48EC-9891-9FBAD36CE282}"
EndProject
Global
	GlobalSection(SolutionConfigurationPlatforms) = preSolution
		Debug|Any CPU = Debug|Any CPU
		Release|Any CPU = Release|Any CPU
	EndGlobalSection
	GlobalSection(ProjectConfigurationPlatforms) = postSolution
		{D0C25BA4-9074-48EC-9891-9FBAD36CE282}.Debug|Any CPU.ActiveCfg = Debug|Any CPU
		{D0C25BA4-9074-48EC-9891-9FBAD36CE282}.Debug|Any CPU.Build.0 = Debug|Any CPU
		{D0C25BA4-9074-48EC-9891-9FBAD36CE282}.Release|Any CPU.ActiveCfg = Release|Any CPU
		{D0C25BA4-9074-48EC-9891-9FBAD36CE282}.Release|Any CPU.Build.0 = Release|Any CPU
	EndGlobalSection
	GlobalSection(SolutionProperties) = preSolution
		HideSolutionNode = FALSE
	EndGlobalSection
	GlobalSection(ExtensibilityGlobals) = postSolution
		SolutionGuid = {3122F8B5-743F-4AF6-B0F2-8459F4763161}
	EndGlobalSection
EndGlobal
